
Microsoft Visual Studio Solution File, Format Version 12.00
# Visual Studio Version 17
VisualStudioVersion = 17.7.34031.279
MinimumVisualStudioVersion = 10.0.40219.1
Project("{FAE04EC0-301F-11D3-BF4B-00C04F79EFBC}") = "WebApp_Add_Cart", "WebApp_Add_Cart\WebApp_Add_Cart.csproj", "{C819C43F-D142-49F2-9B12-D71934831D7C}"
EndProject
Global
	GlobalSection(SolutionConfigurationPlatforms) = preSolution
		Debug|Any CPU = Debug|Any CPU
		Release|Any CPU = Release|Any CPU
	EndGlobalSection
	GlobalSection(ProjectConfigurationPlatforms) = postSolution
		{C819C43F-D142-49F2-9B12-D71934831D7C}.Debug|Any CPU.ActiveCfg = Debug|Any CPU
		{C819C43F-D142-49F2-9B12-D71934831D7C}.Debug|Any CPU.Build.0 = Debug|Any CPU
		{C819C43F-D142-49F2-9B12-D71934831D7C}.Release|Any CPU.ActiveCfg = Release|Any CPU
		{C819C43F-D142-49F2-9B12-D71934831D7C}.Release|Any CPU.Build.0 = Release|Any CPU
	EndGlobalSection
	GlobalSection(SolutionProperties) = preSolution
		HideSolutionNode = FALSE
	EndGlobalSection
	GlobalSection(ExtensibilityGlobals) = postSolution
		SolutionGuid = {8DD6C621-498E-4AA9-A814-B9A05414CCB9}
	EndGlobalSection
EndGlobal
