
Microsoft Visual Studio Solution File, Format Version 12.00
# Visual Studio Version 17
VisualStudioVersion = 17.7.34031.279
MinimumVisualStudioVersion = 10.0.40219.1
Project("{FAE04EC0-301F-11D3-BF4B-00C04F79EFBC}") = "WebApp_DataBaseHandling", "WebApp_DataBaseHandling\WebApp_DataBaseHandling.csproj", "{895565CF-2973-486A-95FA-525E60F180A7}"
EndProject
Global
	GlobalSection(SolutionConfigurationPlatforms) = preSolution
		Debug|Any CPU = Debug|Any CPU
		Release|Any CPU = Release|Any CPU
	EndGlobalSection
	GlobalSection(ProjectConfigurationPlatforms) = postSolution
		{895565CF-2973-486A-95FA-525E60F180A7}.Debug|Any CPU.ActiveCfg = Debug|Any CPU
		{895565CF-2973-486A-95FA-525E60F180A7}.Debug|Any CPU.Build.0 = Debug|Any CPU
		{895565CF-2973-486A-95FA-525E60F180A7}.Release|Any CPU.ActiveCfg = Release|Any CPU
		{895565CF-2973-486A-95FA-525E60F180A7}.Release|Any CPU.Build.0 = Release|Any CPU
	EndGlobalSection
	GlobalSection(SolutionProperties) = preSolution
		HideSolutionNode = FALSE
	EndGlobalSection
	GlobalSection(ExtensibilityGlobals) = postSolution
		SolutionGuid = {30E824D1-92FF-4D67-9791-36D30AC01D15}
	EndGlobalSection
EndGlobal
