
Microsoft Visual Studio Solution File, Format Version 12.00
# Visual Studio Version 17
VisualStudioVersion = 17.7.34031.279
MinimumVisualStudioVersion = 10.0.40219.1
Project("{FAE04EC0-301F-11D3-BF4B-00C04F79EFBC}") = "WebApp_ModelValidation", "WebApp_ModelValidation\WebApp_ModelValidation.csproj", "{B5E83283-7011-4F36-AA74-07F7C227B30A}"
EndProject
Global
	GlobalSection(SolutionConfigurationPlatforms) = preSolution
		Debug|Any CPU = Debug|Any CPU
		Release|Any CPU = Release|Any CPU
	EndGlobalSection
	GlobalSection(ProjectConfigurationPlatforms) = postSolution
		{B5E83283-7011-4F36-AA74-07F7C227B30A}.Debug|Any CPU.ActiveCfg = Debug|Any CPU
		{B5E83283-7011-4F36-AA74-07F7C227B30A}.Debug|Any CPU.Build.0 = Debug|Any CPU
		{B5E83283-7011-4F36-AA74-07F7C227B30A}.Release|Any CPU.ActiveCfg = Release|Any CPU
		{B5E83283-7011-4F36-AA74-07F7C227B30A}.Release|Any CPU.Build.0 = Release|Any CPU
	EndGlobalSection
	GlobalSection(SolutionProperties) = preSolution
		HideSolutionNode = FALSE
	EndGlobalSection
	GlobalSection(ExtensibilityGlobals) = postSolution
		SolutionGuid = {D065A108-6AFE-416E-8EB7-1CFC66EA424B}
	EndGlobalSection
EndGlobal
